// !$*UTF8*$!
{
	archiveVersion = 1;
	classes = {
	};
	objectVersion = 56;
	objects = {

/* Begin PBXBuildFile section */
		FC82633A2A6407D4006D2C6B /* SwiftDataToDoApp.swift in Sources */ = {isa = PBXBuildFile; fileRef = FC8263392A6407D4006D2C6B /* SwiftDataToDoApp.swift */; };
		FC82633E2A6407D6006D2C6B /* Assets.xcassets in Resources */ = {isa = PBXBuildFile; fileRef = FC82633D2A6407D6006D2C6B /* Assets.xcassets */; };
		FC8263412A6407D6006D2C6B /* Preview Assets.xcassets in Resources */ = {isa = PBXBuildFile; fileRef = FC8263402A6407D6006D2C6B /* Preview Assets.xcassets */; };
		FC82634C2A640829006D2C6B /* ToDo.swift in Sources */ = {isa = PBXBuildFile; fileRef = FC82634B2A640829006D2C6B /* ToDo.swift */; };
		FC82634E2A640869006D2C6B /* AddToDoScreen.swift in Sources */ = {isa = PBXBuildFile; fileRef = FC82634D2A640869006D2C6B /* AddToDoScreen.swift */; };
		FC8263502A6408F2006D2C6B /* ListScreen.swift in Sources */ = {isa = PBXBuildFile; fileRef = FC82634F2A6408F2006D2C6B /* ListScreen.swift */; };
		FC8263522A640925006D2C6B /* ToDoListView.swift in Sources */ = {isa = PBXBuildFile; fileRef = FC8263512A640925006D2C6B /* ToDoListView.swift */; };
		FC8263542A64099F006D2C6B /* ToDoDetailScreen.swift in Sources */ = {isa = PBXBuildFile; fileRef = FC8263532A64099F006D2C6B /* ToDoDetailScreen.swift */; };
/* End PBXBuildFile section */

/* Begin PBXFileReference section */
		FC8263362A6407D4006D2C6B /* SwiftDataToDo.app */ = {isa = PBXFileReference; explicitFileType = wrapper.application; includeInIndex = 0; path = SwiftDataToDo.app; sourceTree = BUILT_PRODUCTS_DIR; };
		FC8263392A6407D4006D2C6B /* SwiftDataToDoApp.swift */ = {isa = PBXFileReference; lastKnownFileType = sourcecode.swift; path = SwiftDataToDoApp.swift; sourceTree = "<group>"; };
		FC82633D2A6407D6006D2C6B /* Assets.xcassets */ = {isa = PBXFileReference; lastKnownFileType = folder.assetcatalog; path = Assets.xcassets; sourceTree = "<group>"; };
		FC8263402A6407D6006D2C6B /* Preview Assets.xcassets */ = {isa = PBXFileReference; lastKnownFileType = folder.assetcatalog; path = "Preview Assets.xcassets"; sourceTree = "<group>"; };
		FC82634B2A640829006D2C6B /* ToDo.swift */ = {isa = PBXFileReference; lastKnownFileType = sourcecode.swift; path = ToDo.swift; sourceTree = "<group>"; };
		FC82634D2A640869006D2C6B /* AddToDoScreen.swift */ = {isa = PBXFileReference; lastKnownFileType = sourcecode.swift; path = AddToDoScreen.swift; sourceTree = "<group>"; };
		FC82634F2A6408F2006D2C6B /* ListScreen.swift */ = {isa = PBXFileReference; lastKnownFileType = sourcecode.swift; path = ListScreen.swift; sourceTree = "<group>"; };
		FC8263512A640925006D2C6B /* ToDoListView.swift */ = {isa = PBXFileReference; lastKnownFileType = sourcecode.swift; path = ToDoListView.swift; sourceTree = "<group>"; };
		FC8263532A64099F006D2C6B /* ToDoDetailScreen.swift */ = {isa = PBXFileReference; lastKnownFileType = sourcecode.swift; path = ToDoDetailScreen.swift; sourceTree = "<group>"; };
/* End PBXFileReference section */

/* Begin PBXFrameworksBuildPhase section */
		FC8263332A6407D4006D2C6B /* Frameworks */ = {
			isa = PBXFrameworksBuildPhase;
			buildActionMask = 2147483647;
			files = (
			);
			runOnlyForDeploymentPostprocessing = 0;
		};
/* End PBXFrameworksBuildPhase section */

/* Begin PBXGroup section */
		FC82632D2A6407D4006D2C6B = {
			isa = PBXGroup;
			children = (
				FC8263382A6407D4006D2C6B /* SwiftDataToDo */,
				FC8263372A6407D4006D2C6B /* Products */,
			);
			sourceTree = "<group>";
		};
		FC8263372A6407D4006D2C6B /* Products */ = {
			isa = PBXGroup;
			children = (
				FC8263362A6407D4006D2C6B /* SwiftDataToDo.app */,
			);
			name = Products;
			sourceTree = "<group>";
		};
		FC8263382A6407D4006D2C6B /* SwiftDataToDo */ = {
			isa = PBXGroup;
			children = (
				FC8263492A640817006D2C6B /* Model */,
				FC8263482A640812006D2C6B /* Screen */,
				FC8263472A64080D006D2C6B /* View */,
				FC8263392A6407D4006D2C6B /* SwiftDataToDoApp.swift */,
				FC82633D2A6407D6006D2C6B /* Assets.xcassets */,
				FC82633F2A6407D6006D2C6B /* Preview Content */,
			);
			path = SwiftDataToDo;
			sourceTree = "<group>";
		};
		FC82633F2A6407D6006D2C6B /* Preview Content */ = {
			isa = PBXGroup;
			children = (
				FC8263402A6407D6006D2C6B /* Preview Assets.xcassets */,
			);
			path = "Preview Content";
			sourceTree = "<group>";
		};
		FC8263472A64080D006D2C6B /* View */ = {
			isa = PBXGroup;
			children = (
				FC8263512A640925006D2C6B /* ToDoListView.swift */,
			);
			path = View;
			sourceTree = "<group>";
		};
		FC8263482A640812006D2C6B /* Screen */ = {
			isa = PBXGroup;
			children = (
				FC82634D2A640869006D2C6B /* AddToDoScreen.swift */,
				FC82634F2A6408F2006D2C6B /* ListScreen.swift */,
				FC8263532A64099F006D2C6B /* ToDoDetailScreen.swift */,
			);
			path = Screen;
			sourceTree = "<group>";
		};
		FC8263492A640817006D2C6B /* Model */ = {
			isa = PBXGroup;
			children = (
				FC82634B2A640829006D2C6B /* ToDo.swift */,
			);
			path = Model;
			sourceTree = "<group>";
		};
/* End PBXGroup section */

/* Begin PBXNativeTarget section */
		FC8263352A6407D4006D2C6B /* SwiftDataToDo */ = {
			isa = PBXNativeTarget;
			buildConfigurationList = FC8263442A6407D6006D2C6B /* Build configuration list for PBXNativeTarget "SwiftDataToDo" */;
			buildPhases = (
				FC8263322A6407D4006D2C6B /* Sources */,
				FC8263332A6407D4006D2C6B /* Frameworks */,
				FC8263342A6407D4006D2C6B /* Resources */,
			);
			buildRules = (
			);
			dependencies = (
			);
			name = SwiftDataToDo;
			productName = SwiftDataToDo;
			productReference = FC8263362A6407D4006D2C6B /* SwiftDataToDo.app */;
			productType = "com.apple.product-type.application";
		};
/* End PBXNativeTarget section */

/* Begin PBXProject section */
		FC82632E2A6407D4006D2C6B /* Project object */ = {
			isa = PBXProject;
			attributes = {
				BuildIndependentTargetsInParallel = 1;
				LastSwiftUpdateCheck = 1500;
				LastUpgradeCheck = 1500;
				TargetAttributes = {
					FC8263352A6407D4006D2C6B = {
						CreatedOnToolsVersion = 15.0;
					};
				};
			};
			buildConfigurationList = FC8263312A6407D4006D2C6B /* Build configuration list for PBXProject "SwiftDataToDo" */;
			compatibilityVersion = "Xcode 14.0";
			developmentRegion = en;
			hasScannedForEncodings = 0;
			knownRegions = (
				en,
				Base,
			);
			mainGroup = FC82632D2A6407D4006D2C6B;
			productRefGroup = FC8263372A6407D4006D2C6B /* Products */;
			projectDirPath = "";
			projectRoot = "";
			targets = (
				FC8263352A6407D4006D2C6B /* SwiftDataToDo */,
			);
		};
/* End PBXProject section */

/* Begin PBXResourcesBuildPhase section */
		FC8263342A6407D4006D2C6B /* Resources */ = {
			isa = PBXResourcesBuildPhase;
			buildActionMask = 2147483647;
			files = (
				FC8263412A6407D6006D2C6B /* Preview Assets.xcassets in Resources */,
				FC82633E2A6407D6006D2C6B /* Assets.xcassets in Resources */,
			);
			runOnlyForDeploymentPostprocessing = 0;
		};
/* End PBXResourcesBuildPhase section */

/* Begin PBXSourcesBuildPhase section */
		FC8263322A6407D4006D2C6B /* Sources */ = {
			isa = PBXSourcesBuildPhase;
			buildActionMask = 2147483647;
			files = (
				FC8263522A640925006D2C6B /* ToDoListView.swift in Sources */,
				FC8263502A6408F2006D2C6B /* ListScreen.swift in Sources */,
				FC82634C2A640829006D2C6B /* ToDo.swift in Sources */,
				FC82634E2A640869006D2C6B /* AddToDoScreen.swift in Sources */,
				FC8263542A64099F006D2C6B /* ToDoDetailScreen.swift in Sources */,
				FC82633A2A6407D4006D2C6B /* SwiftDataToDoApp.swift in Sources */,
			);
			runOnlyForDeploymentPostprocessing = 0;
		};
/* End PBXSourcesBuildPhase section */

/* Begin XCBuildConfiguration section */
		FC8263422A6407D6006D2C6B /* Debug */ = {
			isa = XCBuildConfiguration;
			buildSettings = {
				ALWAYS_SEARCH_USER_PATHS = NO;
				ASSETCATALOG_COMPILER_GENERATE_SWIFT_ASSET_SYMBOL_EXTENSIONS = YES;
				CLANG_ANALYZER_NONNULL = YES;
				CLANG_ANALYZER_NUMBER_OBJECT_CONVERSION = YES_AGGRESSIVE;
				CLANG_CXX_LANGUAGE_STANDARD = "gnu++20";
				CLANG_ENABLE_MODULES = YES;
				CLANG_ENABLE_OBJC_ARC = YES;
				CLANG_ENABLE_OBJC_WEAK = YES;
				CLANG_WARN_BLOCK_CAPTURE_AUTORELEASING = YES;
				CLANG_WARN_BOOL_CONVERSION = YES;
				CLANG_WARN_COMMA = YES;
				CLANG_WARN_CONSTANT_CONVERSION = YES;
				CLANG_WARN_DEPRECATED_OBJC_IMPLEMENTATIONS = YES;
				CLANG_WARN_DIRECT_OBJC_ISA_USAGE = YES_ERROR;
				CLANG_WARN_DOCUMENTATION_COMMENTS = YES;
				CLANG_WARN_EMPTY_BODY = YES;
				CLANG_WARN_ENUM_CONVERSION = YES;
				CLANG_WARN_INFINITE_RECURSION = YES;
				CLANG_WARN_INT_CONVERSION = YES;
				CLANG_WARN_NON_LITERAL_NULL_CONVERSION = YES;
				CLANG_WARN_OBJC_IMPLICIT_RETAIN_SELF = YES;
				CLANG_WARN_OBJC_LITERAL_CONVERSION = YES;
				CLANG_WARN_OBJC_ROOT_CLASS = YES_ERROR;
				CLANG_WARN_QUOTED_INCLUDE_IN_FRAMEWORK_HEADER = YES;
				CLANG_WARN_RANGE_LOOP_ANALYSIS = YES;
				CLANG_WARN_STRICT_PROTOTYPES = YES;
				CLANG_WARN_SUSPICIOUS_MOVE = YES;
				CLANG_WARN_UNGUARDED_AVAILABILITY = YES_AGGRESSIVE;
				CLANG_WARN_UNREACHABLE_CODE = YES;
				CLANG_WARN__DUPLICATE_METHOD_MATCH = YES;
				COPY_PHASE_STRIP = NO;
				DEBUG_INFORMATION_FORMAT = dwarf;
				ENABLE_STRICT_OBJC_MSGSEND = YES;
				ENABLE_TESTABILITY = YES;
				ENABLE_USER_SCRIPT_SANDBOXING = YES;
				GCC_C_LANGUAGE_STANDARD = gnu17;
				GCC_DYNAMIC_NO_PIC = NO;
				GCC_NO_COMMON_BLOCKS = YES;
				GCC_OPTIMIZATION_LEVEL = 0;
				GCC_PREPROCESSOR_DEFINITIONS = (
					"DEBUG=1",
					"$(inherited)",
				);
				GCC_WARN_64_TO_32_BIT_CONVERSION = YES;
				GCC_WARN_ABOUT_RETURN_TYPE = YES_ERROR;
				GCC_WARN_UNDECLARED_SELECTOR = YES;
				GCC_WARN_UNINITIALIZED_AUTOS = YES_AGGRESSIVE;
				GCC_WARN_UNUSED_FUNCTION = YES;
				GCC_WARN_UNUSED_VARIABLE = YES;
				IPHONEOS_DEPLOYMENT_TARGET = 17.0;
				LOCALIZATION_PREFERS_STRING_CATALOGS = YES;
				MTL_ENABLE_DEBUG_INFO = INCLUDE_SOURCE;
				MTL_FAST_MATH = YES;
				ONLY_ACTIVE_ARCH = YES;
				SDKROOT = iphoneos;
				SWIFT_ACTIVE_COMPILATION_CONDITIONS = "DEBUG $(inherited)";
				SWIFT_OPTIMIZATION_LEVEL = "-Onone";
			};
			name = Debug;
		};
		FC8263432A6407D6006D2C6B /* Release */ = {
			isa = XCBuildConfiguration;
			buildSettings = {
				ALWAYS_SEARCH_USER_PATHS = NO;
				ASSETCATALOG_COMPILER_GENERATE_SWIFT_ASSET_SYMBOL_EXTENSIONS = YES;
				CLANG_ANALYZER_NONNULL = YES;
				CLANG_ANALYZER_NUMBER_OBJECT_CONVERSION = YES_AGGRESSIVE;
				CLANG_CXX_LANGUAGE_STANDARD = "gnu++20";
				CLANG_ENABLE_MODULES = YES;
				CLANG_ENABLE_OBJC_ARC = YES;
				CLANG_ENABLE_OBJC_WEAK = YES;
				CLANG_WARN_BLOCK_CAPTURE_AUTORELEASING = YES;
				CLANG_WARN_BOOL_CONVERSION = YES;
				CLANG_WARN_COMMA = YES;
				CLANG_WARN_CONSTANT_CONVERSION = YES;
				CLANG_WARN_DEPRECATED_OBJC_IMPLEMENTATIONS = YES;
				CLANG_WARN_DIRECT_OBJC_ISA_USAGE = YES_ERROR;
				CLANG_WARN_DOCUMENTATION_COMMENTS = YES;
				CLANG_WARN_EMPTY_BODY = YES;
				CLANG_WARN_ENUM_CONVERSION = YES;
				CLANG_WARN_INFINITE_RECURSION = YES;
				CLANG_WARN_INT_CONVERSION = YES;
				CLANG_WARN_NON_LITERAL_NULL_CONVERSION = YES;
				CLANG_WARN_OBJC_IMPLICIT_RETAIN_SELF = YES;
				CLANG_WARN_OBJC_LITERAL_CONVERSION = YES;
				CLANG_WARN_OBJC_ROOT_CLASS = YES_ERROR;
				CLANG_WARN_QUOTED_INCLUDE_IN_FRAMEWORK_HEADER = YES;
				CLANG_WARN_RANGE_LOOP_ANALYSIS = YES;
				CLANG_WARN_STRICT_PROTOTYPES = YES;
				CLANG_WARN_SUSPICIOUS_MOVE = YES;
				CLANG_WARN_UNGUARDED_AVAILABILITY = YES_AGGRESSIVE;
				CLANG_WARN_UNREACHABLE_CODE = YES;
				CLANG_WARN__DUPLICATE_METHOD_MATCH = YES;
				COPY_PHASE_STRIP = NO;
				DEBUG_INFORMATION_FORMAT = "dwarf-with-dsym";
				ENABLE_NS_ASSERTIONS = NO;
				ENABLE_STRICT_OBJC_MSGSEND = YES;
				ENABLE_USER_SCRIPT_SANDBOXING = YES;
				GCC_C_LANGUAGE_STANDARD = gnu17;
				GCC_NO_COMMON_BLOCKS = YES;
				GCC_WARN_64_TO_32_BIT_CONVERSION = YES;
				GCC_WARN_ABOUT_RETURN_TYPE = YES_ERROR;
				GCC_WARN_UNDECLARED_SELECTOR = YES;
				GCC_WARN_UNINITIALIZED_AUTOS = YES_AGGRESSIVE;
				GCC_WARN_UNUSED_FUNCTION = YES;
				GCC_WARN_UNUSED_VARIABLE = YES;
				IPHONEOS_DEPLOYMENT_TARGET = 17.0;
				LOCALIZATION_PREFERS_STRING_CATALOGS = YES;
				MTL_ENABLE_DEBUG_INFO = NO;
				MTL_FAST_MATH = YES;
				SDKROOT = iphoneos;
				SWIFT_COMPILATION_MODE = wholemodule;
				VALIDATE_PRODUCT = YES;
			};
			name = Release;
		};
		FC8263452A6407D6006D2C6B /* Debug */ = {
			isa = XCBuildConfiguration;
			buildSettings = {
				ASSETCATALOG_COMPILER_APPICON_NAME = AppIcon;
				ASSETCATALOG_COMPILER_GLOBAL_ACCENT_COLOR_NAME = AccentColor;
				CODE_SIGN_STYLE = Automatic;
				CURRENT_PROJECT_VERSION = 1;
				DEVELOPMENT_ASSET_PATHS = "\"SwiftDataToDo/Preview Content\"";
				DEVELOPMENT_TEAM = 7SH627DBA4;
				ENABLE_PREVIEWS = YES;
				GENERATE_INFOPLIST_FILE = YES;
				INFOPLIST_KEY_UIApplicationSceneManifest_Generation = YES;
				INFOPLIST_KEY_UIApplicationSupportsIndirectInputEvents = YES;
				INFOPLIST_KEY_UILaunchScreen_Generation = YES;
				INFOPLIST_KEY_UISupportedInterfaceOrientations_iPad = "UIInterfaceOrientationPortrait UIInterfaceOrientationPortraitUpsideDown UIInterfaceOrientationLandscapeLeft UIInterfaceOrientationLandscapeRight";
				INFOPLIST_KEY_UISupportedInterfaceOrientations_iPhone = "UIInterfaceOrientationPortrait UIInterfaceOrientationLandscapeLeft UIInterfaceOrientationLandscapeRight";
				LD_RUNPATH_SEARCH_PATHS = (
					"$(inherited)",
					"@executable_path/Frameworks",
				);
				MARKETING_VERSION = 1.0;
				PRODUCT_BUNDLE_IDENTIFIER = com.atilsamancioglu.SwiftDataToDo;
				PRODUCT_NAME = "$(TARGET_NAME)";
				SWIFT_EMIT_LOC_STRINGS = YES;
				SWIFT_VERSION = 5.0;
				TARGETED_DEVICE_FAMILY = "1,2";
			};
			name = Debug;
		};
		FC8263462A6407D6006D2C6B /* Release */ = {
			isa = XCBuildConfiguration;
			buildSettings = {
				ASSETCATALOG_COMPILER_APPICON_NAME = AppIcon;
				ASSETCATALOG_COMPILER_GLOBAL_ACCENT_COLOR_NAME = AccentColor;
				CODE_SIGN_STYLE = Automatic;
				CURRENT_PROJECT_VERSION = 1;
				DEVELOPMENT_ASSET_PATHS = "\"SwiftDataToDo/Preview Content\"";
				DEVELOPMENT_TEAM = 7SH627DBA4;
				ENABLE_PREVIEWS = YES;
				GENERATE_INFOPLIST_FILE = YES;
				INFOPLIST_KEY_UIApplicationSceneManifest_Generation = YES;
				INFOPLIST_KEY_UIApplicationSupportsIndirectInputEvents = YES;
				INFOPLIST_KEY_UILaunchScreen_Generation = YES;
				INFOPLIST_KEY_UISupportedInterfaceOrientations_iPad = "UIInterfaceOrientationPortrait UIInterfaceOrientationPortraitUpsideDown UIInterfaceOrientationLandscapeLeft UIInterfaceOrientationLandscapeRight";
				INFOPLIST_KEY_UISupportedInterfaceOrientations_iPhone = "UIInterfaceOrientationPortrait UIInterfaceOrientationLandscapeLeft UIInterfaceOrientationLandscapeRight";
				LD_RUNPATH_SEARCH_PATHS = (
					"$(inherited)",
					"@executable_path/Frameworks",
				);
				MARKETING_VERSION = 1.0;
				PRODUCT_BUNDLE_IDENTIFIER = com.atilsamancioglu.SwiftDataToDo;
				PRODUCT_NAME = "$(TARGET_NAME)";
				SWIFT_EMIT_LOC_STRINGS = YES;
				SWIFT_VERSION = 5.0;
				TARGETED_DEVICE_FAMILY = "1,2";
			};
			name = Release;
		};
/* End XCBuildConfiguration section */

/* Begin XCConfigurationList section */
		FC8263312A6407D4006D2C6B /* Build configuration list for PBXProject "SwiftDataToDo" */ = {
			isa = XCConfigurationList;
			buildConfigurations = (
				FC8263422A6407D6006D2C6B /* Debug */,
				FC8263432A6407D6006D2C6B /* Release */,
			);
			defaultConfigurationIsVisible = 0;
			defaultConfigurationName = Release;
		};
		FC8263442A6407D6006D2C6B /* Build configuration list for PBXNativeTarget "SwiftDataToDo" */ = {
			isa = XCConfigurationList;
			buildConfigurations = (
				FC8263452A6407D6006D2C6B /* Debug */,
				FC8263462A6407D6006D2C6B /* Release */,
			);
			defaultConfigurationIsVisible = 0;
			defaultConfigurationName = Release;
		};
/* End XCConfigurationList section */
	};
	rootObject = FC82632E2A6407D4006D2C6B /* Project object */;
}
